
Microsoft Visual Studio Solution File, Format Version 12.00
# Visual Studio 15
VisualStudioVersion = 15.0.27703.2047
MinimumVisualStudioVersion = 10.0.40219.1
Project("{8BC9CEB8-8B4A-11D0-8D11-00A0C91BC942}") = "2P_ex004_vetores", "2P_ex004_vetores\2P_ex004_vetores.vcxproj", "{A6C72833-55FF-4DAF-B40B-B331CC7406E7}"
EndProject
Project("{8BC9CEB8-8B4A-11D0-8D11-00A0C91BC942}") = "2P_ex005_tipos", "2P_ex005_tipos\2P_ex005_tipos.vcxproj", "{32406AEF-B7CC-48A8-8064-6754DE989266}"
EndProject
Project("{8BC9CEB8-8B4A-11D0-8D11-00A0C91BC942}") = "2P_ex006_matrizes", "2P_ex006_matrizes\2P_ex006_matrizes.vcxproj", "{1E3E58A0-F90E-4FDC-8025-97CA99E84557}"
EndProject
Project("{8BC9CEB8-8B4A-11D0-8D11-00A0C91BC942}") = "2P_ex007_lervetor", "2P_ex007_lervetor\2P_ex007_lervetor.vcxproj", "{EAF66C08-7493-453B-891E-F4A6B3F855F8}"
EndProject
Project("{8BC9CEB8-8B4A-11D0-8D11-00A0C91BC942}") = "2P_ex008_somavetor", "2P_ex008_somavetor\2P_ex008_somavetor.vcxproj", "{FC52C37C-A3A6-4035-8053-543A33B03A02}"
EndProject
Project("{8BC9CEB8-8B4A-11D0-8D11-00A0C91BC942}") = "2P_ex009_somamatriz", "2P_ex009_somamatriz\2P_ex009_somamatriz.vcxproj", "{18D00AF5-C933-40A8-B87D-99D9E39C0F2E}"
EndProject
Project("{8BC9CEB8-8B4A-11D0-8D11-00A0C91BC942}") = "2P_ex010_procedimentos", "2P_ex010_procedimentos\2P_ex010_procedimentos.vcxproj", "{8D82810D-F70E-4729-9ABF-0C65562ED506}"
EndProject
Project("{8BC9CEB8-8B4A-11D0-8D11-00A0C91BC942}") = "2P_ex011_mes", "2P_ex011_mes\2P_ex011_mes.vcxproj", "{2CC7AF39-C44C-4B33-B2A3-028A80E22603}"
EndProject
Project("{8BC9CEB8-8B4A-11D0-8D11-00A0C91BC942}") = "2P_ex012_cabecalho", "2P_ex012_cabecalho\2P_ex012_cabecalho.vcxproj", "{AB9F9FDA-C8BA-407A-A1A1-68C4BBB316CE}"
EndProject
Project("{8BC9CEB8-8B4A-11D0-8D11-00A0C91BC942}") = "2P_ex013_ponteiros", "2P_ex013_ponteiros\2P_ex013_ponteiros.vcxproj", "{04C09C2C-0DDA-4AC2-9A43-3D946D4BE9C6}"
EndProject
Project("{8BC9CEB8-8B4A-11D0-8D11-00A0C91BC942}") = "2P_ex014_funcoes", "2P_ex014_funcoes\2P_ex014_funcoes.vcxproj", "{B8345BA5-08B8-472E-AD80-B9606ED21D59}"
EndProject
Project("{8BC9CEB8-8B4A-11D0-8D11-00A0C91BC942}") = "2P_ex015_tamstring", "2P_ex015_tamstring\2P_ex015_tamstring.vcxproj", "{B736AB44-5588-4C3C-B0AC-15D1F759C5FB}"
EndProject
Project("{8BC9CEB8-8B4A-11D0-8D11-00A0C91BC942}") = "2P_ex016_trocaletra", "2P_ex016_trocaletra\2P_ex016_trocaletra.vcxproj", "{DB6FE4D2-7285-4E6D-B070-303380763F81}"
EndProject
Project("{8BC9CEB8-8B4A-11D0-8D11-00A0C91BC942}") = "2P_ex017_somaintervalo", "2P_ex017_somaintervalo\2P_ex017_somaintervalo.vcxproj", "{924ED51E-B178-4E7C-8F7F-B7FDCE568C2B}"
EndProject
Project("{8BC9CEB8-8B4A-11D0-8D11-00A0C91BC942}") = "2P_ex018_convsegundos", "2P_ex018_convsegundos\2P_ex018_convsegundos.vcxproj", "{460D7BC8-A20D-418C-A92E-262270D3ECA4}"
EndProject
Project("{8BC9CEB8-8B4A-11D0-8D11-00A0C91BC942}") = "2P_ex019_pesoideal", "2P_ex019_pesoideal\2P_ex019_pesoideal.vcxproj", "{D6D021E7-35A3-42DD-BD40-F82D5BE52F2C}"
EndProject
Project("{8BC9CEB8-8B4A-11D0-8D11-00A0C91BC942}") = "2P_ex020_fatorial", "2P_ex020_fatorial\2P_ex020_fatorial.vcxproj", "{0D2FB106-F552-48E1-AF09-5546BA52A092}"
EndProject
Project("{8BC9CEB8-8B4A-11D0-8D11-00A0C91BC942}") = "2P_ex021_voidvetor", "2P_ex021_voidvetor\2P_ex021_voidvetor.vcxproj", "{4E1969A8-71D4-4905-AB4E-C0C579FA15B6}"
EndProject
Project("{8BC9CEB8-8B4A-11D0-8D11-00A0C91BC942}") = "2P_ex022_quantidadepares", "2P_ex022_quantidadepares\2P_ex022_quantidadepares.vcxproj", "{29234B66-9A46-453B-B29D-F9EEAF2DB517}"
EndProject
Project("{8BC9CEB8-8B4A-11D0-8D11-00A0C91BC942}") = "2P_ex023_maiorvalor", "2P_ex023_maiorvalor\2P_ex023_maiorvalor.vcxproj", "{B12DEDB3-B4BE-4070-83EC-E2E5A5262166}"
EndProject
Project("{8BC9CEB8-8B4A-11D0-8D11-00A0C91BC942}") = "2P_ex024_combinacao", "2P_ex024_combinacao\2P_ex024_combinacao.vcxproj", "{3BB5B3FC-2A34-4628-B3A1-9F565C5F60E1}"
EndProject
Project("{8BC9CEB8-8B4A-11D0-8D11-00A0C91BC942}") = "2P_ex025_funcbool", "2P_ex025_funcbool\2P_ex025_funcbool.vcxproj", "{A3CB6588-CDC0-477D-934E-10377DF84D20}"
EndProject
Project("{8BC9CEB8-8B4A-11D0-8D11-00A0C91BC942}") = "2P_ex026_funcbool2", "2P_ex026_funcbool2\2P_ex026_funcbool2.vcxproj", "{9B435BE7-B73C-428F-80CC-4735E6B87F7A}"
EndProject
Global
	GlobalSection(SolutionConfigurationPlatforms) = preSolution
		Debug|x64 = Debug|x64
		Debug|x86 = Debug|x86
		Release|x64 = Release|x64
		Release|x86 = Release|x86
	EndGlobalSection
	GlobalSection(ProjectConfigurationPlatforms) = postSolution
		{A6C72833-55FF-4DAF-B40B-B331CC7406E7}.Debug|x64.ActiveCfg = Debug|x64
		{A6C72833-55FF-4DAF-B40B-B331CC7406E7}.Debug|x64.Build.0 = Debug|x64
		{A6C72833-55FF-4DAF-B40B-B331CC7406E7}.Debug|x86.ActiveCfg = Debug|Win32
		{A6C72833-55FF-4DAF-B40B-B331CC7406E7}.Debug|x86.Build.0 = Debug|Win32
		{A6C72833-55FF-4DAF-B40B-B331CC7406E7}.Release|x64.ActiveCfg = Release|x64
		{A6C72833-55FF-4DAF-B40B-B331CC7406E7}.Release|x64.Build.0 = Release|x64
		{A6C72833-55FF-4DAF-B40B-B331CC7406E7}.Release|x86.ActiveCfg = Release|Win32
		{A6C72833-55FF-4DAF-B40B-B331CC7406E7}.Release|x86.Build.0 = Release|Win32
		{32406AEF-B7CC-48A8-8064-6754DE989266}.Debug|x64.ActiveCfg = Debug|x64
		{32406AEF-B7CC-48A8-8064-6754DE989266}.Debug|x64.Build.0 = Debug|x64
		{32406AEF-B7CC-48A8-8064-6754DE989266}.Debug|x86.ActiveCfg = Debug|Win32
		{32406AEF-B7CC-48A8-8064-6754DE989266}.Debug|x86.Build.0 = Debug|Win32
		{32406AEF-B7CC-48A8-8064-6754DE989266}.Release|x64.ActiveCfg = Release|x64
		{32406AEF-B7CC-48A8-8064-6754DE989266}.Release|x64.Build.0 = Release|x64
		{32406AEF-B7CC-48A8-8064-6754DE989266}.Release|x86.ActiveCfg = Release|Win32
		{32406AEF-B7CC-48A8-8064-6754DE989266}.Release|x86.Build.0 = Release|Win32
		{1E3E58A0-F90E-4FDC-8025-97CA99E84557}.Debug|x64.ActiveCfg = Debug|x64
		{1E3E58A0-F90E-4FDC-8025-97CA99E84557}.Debug|x64.Build.0 = Debug|x64
		{1E3E58A0-F90E-4FDC-8025-97CA99E84557}.Debug|x86.ActiveCfg = Debug|Win32
		{1E3E58A0-F90E-4FDC-8025-97CA99E84557}.Debug|x86.Build.0 = Debug|Win32
		{1E3E58A0-F90E-4FDC-8025-97CA99E84557}.Release|x64.ActiveCfg = Release|x64
		{1E3E58A0-F90E-4FDC-8025-97CA99E84557}.Release|x64.Build.0 = Release|x64
		{1E3E58A0-F90E-4FDC-8025-97CA99E84557}.Release|x86.ActiveCfg = Release|Win32
		{1E3E58A0-F90E-4FDC-8025-97CA99E84557}.Release|x86.Build.0 = Release|Win32
		{EAF66C08-7493-453B-891E-F4A6B3F855F8}.Debug|x64.ActiveCfg = Debug|x64
		{EAF66C08-7493-453B-891E-F4A6B3F855F8}.Debug|x64.Build.0 = Debug|x64
		{EAF66C08-7493-453B-891E-F4A6B3F855F8}.Debug|x86.ActiveCfg = Debug|Win32
		{EAF66C08-7493-453B-891E-F4A6B3F855F8}.Debug|x86.Build.0 = Debug|Win32
		{EAF66C08-7493-453B-891E-F4A6B3F855F8}.Release|x64.ActiveCfg = Release|x64
		{EAF66C08-7493-453B-891E-F4A6B3F855F8}.Release|x64.Build.0 = Release|x64
		{EAF66C08-7493-453B-891E-F4A6B3F855F8}.Release|x86.ActiveCfg = Release|Win32
		{EAF66C08-7493-453B-891E-F4A6B3F855F8}.Release|x86.Build.0 = Release|Win32
		{FC52C37C-A3A6-4035-8053-543A33B03A02}.Debug|x64.ActiveCfg = Debug|x64
		{FC52C37C-A3A6-4035-8053-543A33B03A02}.Debug|x64.Build.0 = Debug|x64
		{FC52C37C-A3A6-4035-8053-543A33B03A02}.Debug|x86.ActiveCfg = Debug|Win32
		{FC52C37C-A3A6-4035-8053-543A33B03A02}.Debug|x86.Build.0 = Debug|Win32
		{FC52C37C-A3A6-4035-8053-543A33B03A02}.Release|x64.ActiveCfg = Release|x64
		{FC52C37C-A3A6-4035-8053-543A33B03A02}.Release|x64.Build.0 = Release|x64
		{FC52C37C-A3A6-4035-8053-543A33B03A02}.Release|x86.ActiveCfg = Release|Win32
		{FC52C37C-A3A6-4035-8053-543A33B03A02}.Release|x86.Build.0 = Release|Win32
		{18D00AF5-C933-40A8-B87D-99D9E39C0F2E}.Debug|x64.ActiveCfg = Debug|x64
		{18D00AF5-C933-40A8-B87D-99D9E39C0F2E}.Debug|x64.Build.0 = Debug|x64
		{18D00AF5-C933-40A8-B87D-99D9E39C0F2E}.Debug|x86.ActiveCfg = Debug|Win32
		{18D00AF5-C933-40A8-B87D-99D9E39C0F2E}.Debug|x86.Build.0 = Debug|Win32
		{18D00AF5-C933-40A8-B87D-99D9E39C0F2E}.Release|x64.ActiveCfg = Release|x64
		{18D00AF5-C933-40A8-B87D-99D9E39C0F2E}.Release|x64.Build.0 = Release|x64
		{18D00AF5-C933-40A8-B87D-99D9E39C0F2E}.Release|x86.ActiveCfg = Release|Win32
		{18D00AF5-C933-40A8-B87D-99D9E39C0F2E}.Release|x86.Build.0 = Release|Win32
		{8D82810D-F70E-4729-9ABF-0C65562ED506}.Debug|x64.ActiveCfg = Debug|x64
		{8D82810D-F70E-4729-9ABF-0C65562ED506}.Debug|x64.Build.0 = Debug|x64
		{8D82810D-F70E-4729-9ABF-0C65562ED506}.Debug|x86.ActiveCfg = Debug|Win32
		{8D82810D-F70E-4729-9ABF-0C65562ED506}.Debug|x86.Build.0 = Debug|Win32
		{8D82810D-F70E-4729-9ABF-0C65562ED506}.Release|x64.ActiveCfg = Release|x64
		{8D82810D-F70E-4729-9ABF-0C65562ED506}.Release|x64.Build.0 = Release|x64
		{8D82810D-F70E-4729-9ABF-0C65562ED506}.Release|x86.ActiveCfg = Release|Win32
		{8D82810D-F70E-4729-9ABF-0C65562ED506}.Release|x86.Build.0 = Release|Win32
		{2CC7AF39-C44C-4B33-B2A3-028A80E22603}.Debug|x64.ActiveCfg = Debug|x64
		{2CC7AF39-C44C-4B33-B2A3-028A80E22603}.Debug|x64.Build.0 = Debug|x64
		{2CC7AF39-C44C-4B33-B2A3-028A80E22603}.Debug|x86.ActiveCfg = Debug|Win32
		{2CC7AF39-C44C-4B33-B2A3-028A80E22603}.Debug|x86.Build.0 = Debug|Win32
		{2CC7AF39-C44C-4B33-B2A3-028A80E22603}.Release|x64.ActiveCfg = Release|x64
		{2CC7AF39-C44C-4B33-B2A3-028A80E22603}.Release|x64.Build.0 = Release|x64
		{2CC7AF39-C44C-4B33-B2A3-028A80E22603}.Release|x86.ActiveCfg = Release|Win32
		{2CC7AF39-C44C-4B33-B2A3-028A80E22603}.Release|x86.Build.0 = Release|Win32
		{AB9F9FDA-C8BA-407A-A1A1-68C4BBB316CE}.Debug|x64.ActiveCfg = Debug|x64
		{AB9F9FDA-C8BA-407A-A1A1-68C4BBB316CE}.Debug|x64.Build.0 = Debug|x64
		{AB9F9FDA-C8BA-407A-A1A1-68C4BBB316CE}.Debug|x86.ActiveCfg = Debug|Win32
		{AB9F9FDA-C8BA-407A-A1A1-68C4BBB316CE}.Debug|x86.Build.0 = Debug|Win32
		{AB9F9FDA-C8BA-407A-A1A1-68C4BBB316CE}.Release|x64.ActiveCfg = Release|x64
		{AB9F9FDA-C8BA-407A-A1A1-68C4BBB316CE}.Release|x64.Build.0 = Release|x64
		{AB9F9FDA-C8BA-407A-A1A1-68C4BBB316CE}.Release|x86.ActiveCfg = Release|Win32
		{AB9F9FDA-C8BA-407A-A1A1-68C4BBB316CE}.Release|x86.Build.0 = Release|Win32
		{04C09C2C-0DDA-4AC2-9A43-3D946D4BE9C6}.Debug|x64.ActiveCfg = Debug|x64
		{04C09C2C-0DDA-4AC2-9A43-3D946D4BE9C6}.Debug|x64.Build.0 = Debug|x64
		{04C09C2C-0DDA-4AC2-9A43-3D946D4BE9C6}.Debug|x86.ActiveCfg = Debug|Win32
		{04C09C2C-0DDA-4AC2-9A43-3D946D4BE9C6}.Debug|x86.Build.0 = Debug|Win32
		{04C09C2C-0DDA-4AC2-9A43-3D946D4BE9C6}.Release|x64.ActiveCfg = Release|x64
		{04C09C2C-0DDA-4AC2-9A43-3D946D4BE9C6}.Release|x64.Build.0 = Release|x64
		{04C09C2C-0DDA-4AC2-9A43-3D946D4BE9C6}.Release|x86.ActiveCfg = Release|Win32
		{04C09C2C-0DDA-4AC2-9A43-3D946D4BE9C6}.Release|x86.Build.0 = Release|Win32
		{B8345BA5-08B8-472E-AD80-B9606ED21D59}.Debug|x64.ActiveCfg = Debug|x64
		{B8345BA5-08B8-472E-AD80-B9606ED21D59}.Debug|x64.Build.0 = Debug|x64
		{B8345BA5-08B8-472E-AD80-B9606ED21D59}.Debug|x86.ActiveCfg = Debug|Win32
		{B8345BA5-08B8-472E-AD80-B9606ED21D59}.Debug|x86.Build.0 = Debug|Win32
		{B8345BA5-08B8-472E-AD80-B9606ED21D59}.Release|x64.ActiveCfg = Release|x64
		{B8345BA5-08B8-472E-AD80-B9606ED21D59}.Release|x64.Build.0 = Release|x64
		{B8345BA5-08B8-472E-AD80-B9606ED21D59}.Release|x86.ActiveCfg = Release|Win32
		{B8345BA5-08B8-472E-AD80-B9606ED21D59}.Release|x86.Build.0 = Release|Win32
		{B736AB44-5588-4C3C-B0AC-15D1F759C5FB}.Debug|x64.ActiveCfg = Debug|x64
		{B736AB44-5588-4C3C-B0AC-15D1F759C5FB}.Debug|x64.Build.0 = Debug|x64
		{B736AB44-5588-4C3C-B0AC-15D1F759C5FB}.Debug|x86.ActiveCfg = Debug|Win32
		{B736AB44-5588-4C3C-B0AC-15D1F759C5FB}.Debug|x86.Build.0 = Debug|Win32
		{B736AB44-5588-4C3C-B0AC-15D1F759C5FB}.Release|x64.ActiveCfg = Release|x64
		{B736AB44-5588-4C3C-B0AC-15D1F759C5FB}.Release|x64.Build.0 = Release|x64
		{B736AB44-5588-4C3C-B0AC-15D1F759C5FB}.Release|x86.ActiveCfg = Release|Win32
		{B736AB44-5588-4C3C-B0AC-15D1F759C5FB}.Release|x86.Build.0 = Release|Win32
		{DB6FE4D2-7285-4E6D-B070-303380763F81}.Debug|x64.ActiveCfg = Debug|x64
		{DB6FE4D2-7285-4E6D-B070-303380763F81}.Debug|x64.Build.0 = Debug|x64
		{DB6FE4D2-7285-4E6D-B070-303380763F81}.Debug|x86.ActiveCfg = Debug|Win32
		{DB6FE4D2-7285-4E6D-B070-303380763F81}.Debug|x86.Build.0 = Debug|Win32
		{DB6FE4D2-7285-4E6D-B070-303380763F81}.Release|x64.ActiveCfg = Release|x64
		{DB6FE4D2-7285-4E6D-B070-303380763F81}.Release|x64.Build.0 = Release|x64
		{DB6FE4D2-7285-4E6D-B070-303380763F81}.Release|x86.ActiveCfg = Release|Win32
		{DB6FE4D2-7285-4E6D-B070-303380763F81}.Release|x86.Build.0 = Release|Win32
		{924ED51E-B178-4E7C-8F7F-B7FDCE568C2B}.Debug|x64.ActiveCfg = Debug|x64
		{924ED51E-B178-4E7C-8F7F-B7FDCE568C2B}.Debug|x64.Build.0 = Debug|x64
		{924ED51E-B178-4E7C-8F7F-B7FDCE568C2B}.Debug|x86.ActiveCfg = Debug|Win32
		{924ED51E-B178-4E7C-8F7F-B7FDCE568C2B}.Debug|x86.Build.0 = Debug|Win32
		{924ED51E-B178-4E7C-8F7F-B7FDCE568C2B}.Release|x64.ActiveCfg = Release|x64
		{924ED51E-B178-4E7C-8F7F-B7FDCE568C2B}.Release|x64.Build.0 = Release|x64
		{924ED51E-B178-4E7C-8F7F-B7FDCE568C2B}.Release|x86.ActiveCfg = Release|Win32
		{924ED51E-B178-4E7C-8F7F-B7FDCE568C2B}.Release|x86.Build.0 = Release|Win32
		{460D7BC8-A20D-418C-A92E-262270D3ECA4}.Debug|x64.ActiveCfg = Debug|x64
		{460D7BC8-A20D-418C-A92E-262270D3ECA4}.Debug|x64.Build.0 = Debug|x64
		{460D7BC8-A20D-418C-A92E-262270D3ECA4}.Debug|x86.ActiveCfg = Debug|Win32
		{460D7BC8-A20D-418C-A92E-262270D3ECA4}.Debug|x86.Build.0 = Debug|Win32
		{460D7BC8-A20D-418C-A92E-262270D3ECA4}.Release|x64.ActiveCfg = Release|x64
		{460D7BC8-A20D-418C-A92E-262270D3ECA4}.Release|x64.Build.0 = Release|x64
		{460D7BC8-A20D-418C-A92E-262270D3ECA4}.Release|x86.ActiveCfg = Release|Win32
		{460D7BC8-A20D-418C-A92E-262270D3ECA4}.Release|x86.Build.0 = Release|Win32
		{D6D021E7-35A3-42DD-BD40-F82D5BE52F2C}.Debug|x64.ActiveCfg = Debug|x64
		{D6D021E7-35A3-42DD-BD40-F82D5BE52F2C}.Debug|x64.Build.0 = Debug|x64
		{D6D021E7-35A3-42DD-BD40-F82D5BE52F2C}.Debug|x86.ActiveCfg = Debug|Win32
		{D6D021E7-35A3-42DD-BD40-F82D5BE52F2C}.Debug|x86.Build.0 = Debug|Win32
		{D6D021E7-35A3-42DD-BD40-F82D5BE52F2C}.Release|x64.ActiveCfg = Release|x64
		{D6D021E7-35A3-42DD-BD40-F82D5BE52F2C}.Release|x64.Build.0 = Release|x64
		{D6D021E7-35A3-42DD-BD40-F82D5BE52F2C}.Release|x86.ActiveCfg = Release|Win32
		{D6D021E7-35A3-42DD-BD40-F82D5BE52F2C}.Release|x86.Build.0 = Release|Win32
		{0D2FB106-F552-48E1-AF09-5546BA52A092}.Debug|x64.ActiveCfg = Debug|x64
		{0D2FB106-F552-48E1-AF09-5546BA52A092}.Debug|x64.Build.0 = Debug|x64
		{0D2FB106-F552-48E1-AF09-5546BA52A092}.Debug|x86.ActiveCfg = Debug|Win32
		{0D2FB106-F552-48E1-AF09-5546BA52A092}.Debug|x86.Build.0 = Debug|Win32
		{0D2FB106-F552-48E1-AF09-5546BA52A092}.Release|x64.ActiveCfg = Release|x64
		{0D2FB106-F552-48E1-AF09-5546BA52A092}.Release|x64.Build.0 = Release|x64
		{0D2FB106-F552-48E1-AF09-5546BA52A092}.Release|x86.ActiveCfg = Release|Win32
		{0D2FB106-F552-48E1-AF09-5546BA52A092}.Release|x86.Build.0 = Release|Win32
		{4E1969A8-71D4-4905-AB4E-C0C579FA15B6}.Debug|x64.ActiveCfg = Debug|x64
		{4E1969A8-71D4-4905-AB4E-C0C579FA15B6}.Debug|x64.Build.0 = Debug|x64
		{4E1969A8-71D4-4905-AB4E-C0C579FA15B6}.Debug|x86.ActiveCfg = Debug|Win32
		{4E1969A8-71D4-4905-AB4E-C0C579FA15B6}.Debug|x86.Build.0 = Debug|Win32
		{4E1969A8-71D4-4905-AB4E-C0C579FA15B6}.Release|x64.ActiveCfg = Release|x64
		{4E1969A8-71D4-4905-AB4E-C0C579FA15B6}.Release|x64.Build.0 = Release|x64
		{4E1969A8-71D4-4905-AB4E-C0C579FA15B6}.Release|x86.ActiveCfg = Release|Win32
		{4E1969A8-71D4-4905-AB4E-C0C579FA15B6}.Release|x86.Build.0 = Release|Win32
		{29234B66-9A46-453B-B29D-F9EEAF2DB517}.Debug|x64.ActiveCfg = Debug|x64
		{29234B66-9A46-453B-B29D-F9EEAF2DB517}.Debug|x64.Build.0 = Debug|x64
		{29234B66-9A46-453B-B29D-F9EEAF2DB517}.Debug|x86.ActiveCfg = Debug|Win32
		{29234B66-9A46-453B-B29D-F9EEAF2DB517}.Debug|x86.Build.0 = Debug|Win32
		{29234B66-9A46-453B-B29D-F9EEAF2DB517}.Release|x64.ActiveCfg = Release|x64
		{29234B66-9A46-453B-B29D-F9EEAF2DB517}.Release|x64.Build.0 = Release|x64
		{29234B66-9A46-453B-B29D-F9EEAF2DB517}.Release|x86.ActiveCfg = Release|Win32
		{29234B66-9A46-453B-B29D-F9EEAF2DB517}.Release|x86.Build.0 = Release|Win32
		{B12DEDB3-B4BE-4070-83EC-E2E5A5262166}.Debug|x64.ActiveCfg = Debug|x64
		{B12DEDB3-B4BE-4070-83EC-E2E5A5262166}.Debug|x64.Build.0 = Debug|x64
		{B12DEDB3-B4BE-4070-83EC-E2E5A5262166}.Debug|x86.ActiveCfg = Debug|Win32
		{B12DEDB3-B4BE-4070-83EC-E2E5A5262166}.Debug|x86.Build.0 = Debug|Win32
		{B12DEDB3-B4BE-4070-83EC-E2E5A5262166}.Release|x64.ActiveCfg = Release|x64
		{B12DEDB3-B4BE-4070-83EC-E2E5A5262166}.Release|x64.Build.0 = Release|x64
		{B12DEDB3-B4BE-4070-83EC-E2E5A5262166}.Release|x86.ActiveCfg = Release|Win32
		{B12DEDB3-B4BE-4070-83EC-E2E5A5262166}.Release|x86.Build.0 = Release|Win32
		{3BB5B3FC-2A34-4628-B3A1-9F565C5F60E1}.Debug|x64.ActiveCfg = Debug|x64
		{3BB5B3FC-2A34-4628-B3A1-9F565C5F60E1}.Debug|x64.Build.0 = Debug|x64
		{3BB5B3FC-2A34-4628-B3A1-9F565C5F60E1}.Debug|x86.ActiveCfg = Debug|Win32
		{3BB5B3FC-2A34-4628-B3A1-9F565C5F60E1}.Debug|x86.Build.0 = Debug|Win32
		{3BB5B3FC-2A34-4628-B3A1-9F565C5F60E1}.Release|x64.ActiveCfg = Release|x64
		{3BB5B3FC-2A34-4628-B3A1-9F565C5F60E1}.Release|x64.Build.0 = Release|x64
		{3BB5B3FC-2A34-4628-B3A1-9F565C5F60E1}.Release|x86.ActiveCfg = Release|Win32
		{3BB5B3FC-2A34-4628-B3A1-9F565C5F60E1}.Release|x86.Build.0 = Release|Win32
		{A3CB6588-CDC0-477D-934E-10377DF84D20}.Debug|x64.ActiveCfg = Debug|x64
		{A3CB6588-CDC0-477D-934E-10377DF84D20}.Debug|x64.Build.0 = Debug|x64
		{A3CB6588-CDC0-477D-934E-10377DF84D20}.Debug|x86.ActiveCfg = Debug|Win32
		{A3CB6588-CDC0-477D-934E-10377DF84D20}.Debug|x86.Build.0 = Debug|Win32
		{A3CB6588-CDC0-477D-934E-10377DF84D20}.Release|x64.ActiveCfg = Release|x64
		{A3CB6588-CDC0-477D-934E-10377DF84D20}.Release|x64.Build.0 = Release|x64
		{A3CB6588-CDC0-477D-934E-10377DF84D20}.Release|x86.ActiveCfg = Release|Win32
		{A3CB6588-CDC0-477D-934E-10377DF84D20}.Release|x86.Build.0 = Release|Win32
		{9B435BE7-B73C-428F-80CC-4735E6B87F7A}.Debug|x64.ActiveCfg = Debug|x64
		{9B435BE7-B73C-428F-80CC-4735E6B87F7A}.Debug|x64.Build.0 = Debug|x64
		{9B435BE7-B73C-428F-80CC-4735E6B87F7A}.Debug|x86.ActiveCfg = Debug|Win32
		{9B435BE7-B73C-428F-80CC-4735E6B87F7A}.Debug|x86.Build.0 = Debug|Win32
		{9B435BE7-B73C-428F-80CC-4735E6B87F7A}.Release|x64.ActiveCfg = Release|x64
		{9B435BE7-B73C-428F-80CC-4735E6B87F7A}.Release|x64.Build.0 = Release|x64
		{9B435BE7-B73C-428F-80CC-4735E6B87F7A}.Release|x86.ActiveCfg = Release|Win32
		{9B435BE7-B73C-428F-80CC-4735E6B87F7A}.Release|x86.Build.0 = Release|Win32
	EndGlobalSection
	GlobalSection(SolutionProperties) = preSolution
		HideSolutionNode = FALSE
	EndGlobalSection
	GlobalSection(ExtensibilityGlobals) = postSolution
		SolutionGuid = {42D7F99D-400C-4874-95BD-9C849F05E6AB}
	EndGlobalSection
EndGlobal
