
Microsoft Visual Studio Solution File, Format Version 12.00
# Visual Studio 15
VisualStudioVersion = 15.0.28010.2019
MinimumVisualStudioVersion = 10.0.40219.1
Project("{8BC9CEB8-8B4A-11D0-8D11-00A0C91BC942}") = "2P_Listas", "2P_Listas\2P_Listas.vcxproj", "{09789BD7-7FA5-4CB8-BF0B-BF001EF83E0C}"
EndProject
Project("{8BC9CEB8-8B4A-11D0-8D11-00A0C91BC942}") = "2P_ListasString", "2P_ListasString\2P_ListasString.vcxproj", "{C5290B68-B6B4-458E-BDA8-B55EE6EA8777}"
EndProject
Project("{8BC9CEB8-8B4A-11D0-8D11-00A0C91BC942}") = "2P_Agenda", "2P_Agenda\2P_Agenda.vcxproj", "{677F55DC-AF48-4A8E-A474-6A18AB7F85BF}"
EndProject
Global
	GlobalSection(SolutionConfigurationPlatforms) = preSolution
		Debug|x64 = Debug|x64
		Debug|x86 = Debug|x86
		Release|x64 = Release|x64
		Release|x86 = Release|x86
	EndGlobalSection
	GlobalSection(ProjectConfigurationPlatforms) = postSolution
		{09789BD7-7FA5-4CB8-BF0B-BF001EF83E0C}.Debug|x64.ActiveCfg = Debug|x64
		{09789BD7-7FA5-4CB8-BF0B-BF001EF83E0C}.Debug|x64.Build.0 = Debug|x64
		{09789BD7-7FA5-4CB8-BF0B-BF001EF83E0C}.Debug|x86.ActiveCfg = Debug|Win32
		{09789BD7-7FA5-4CB8-BF0B-BF001EF83E0C}.Debug|x86.Build.0 = Debug|Win32
		{09789BD7-7FA5-4CB8-BF0B-BF001EF83E0C}.Release|x64.ActiveCfg = Release|x64
		{09789BD7-7FA5-4CB8-BF0B-BF001EF83E0C}.Release|x64.Build.0 = Release|x64
		{09789BD7-7FA5-4CB8-BF0B-BF001EF83E0C}.Release|x86.ActiveCfg = Release|Win32
		{09789BD7-7FA5-4CB8-BF0B-BF001EF83E0C}.Release|x86.Build.0 = Release|Win32
		{C5290B68-B6B4-458E-BDA8-B55EE6EA8777}.Debug|x64.ActiveCfg = Debug|x64
		{C5290B68-B6B4-458E-BDA8-B55EE6EA8777}.Debug|x64.Build.0 = Debug|x64
		{C5290B68-B6B4-458E-BDA8-B55EE6EA8777}.Debug|x86.ActiveCfg = Debug|Win32
		{C5290B68-B6B4-458E-BDA8-B55EE6EA8777}.Debug|x86.Build.0 = Debug|Win32
		{C5290B68-B6B4-458E-BDA8-B55EE6EA8777}.Release|x64.ActiveCfg = Release|x64
		{C5290B68-B6B4-458E-BDA8-B55EE6EA8777}.Release|x64.Build.0 = Release|x64
		{C5290B68-B6B4-458E-BDA8-B55EE6EA8777}.Release|x86.ActiveCfg = Release|Win32
		{C5290B68-B6B4-458E-BDA8-B55EE6EA8777}.Release|x86.Build.0 = Release|Win32
		{677F55DC-AF48-4A8E-A474-6A18AB7F85BF}.Debug|x64.ActiveCfg = Debug|x64
		{677F55DC-AF48-4A8E-A474-6A18AB7F85BF}.Debug|x64.Build.0 = Debug|x64
		{677F55DC-AF48-4A8E-A474-6A18AB7F85BF}.Debug|x86.ActiveCfg = Debug|Win32
		{677F55DC-AF48-4A8E-A474-6A18AB7F85BF}.Debug|x86.Build.0 = Debug|Win32
		{677F55DC-AF48-4A8E-A474-6A18AB7F85BF}.Release|x64.ActiveCfg = Release|x64
		{677F55DC-AF48-4A8E-A474-6A18AB7F85BF}.Release|x64.Build.0 = Release|x64
		{677F55DC-AF48-4A8E-A474-6A18AB7F85BF}.Release|x86.ActiveCfg = Release|Win32
		{677F55DC-AF48-4A8E-A474-6A18AB7F85BF}.Release|x86.Build.0 = Release|Win32
	EndGlobalSection
	GlobalSection(SolutionProperties) = preSolution
		HideSolutionNode = FALSE
	EndGlobalSection
	GlobalSection(ExtensibilityGlobals) = postSolution
		SolutionGuid = {0D83550A-27AC-4799-91DB-21A9948A988E}
	EndGlobalSection
EndGlobal
